
Microsoft Visual Studio Solution File, Format Version 12.00
# Visual Studio Version 17
VisualStudioVersion = 17.11.35312.102
MinimumVisualStudioVersion = 10.0.40219.1
Project("{FAE04EC0-301F-11D3-BF4B-00C04F79EFBC}") = "EnumCommodity", "EnumCommodity.csproj", "{55CCAC53-343C-44F5-B29C-03A4EE24E18A}"
EndProject
Global
	GlobalSection(SolutionConfigurationPlatforms) = preSolution
		Debug|Any CPU = Debug|Any CPU
		Release|Any CPU = Release|Any CPU
	EndGlobalSection
	GlobalSection(ProjectConfigurationPlatforms) = postSolution
		{55CCAC53-343C-44F5-B29C-03A4EE24E18A}.Debug|Any CPU.ActiveCfg = Debug|Any CPU
		{55CCAC53-343C-44F5-B29C-03A4EE24E18A}.Debug|Any CPU.Build.0 = Debug|Any CPU
		{55CCAC53-343C-44F5-B29C-03A4EE24E18A}.Release|Any CPU.ActiveCfg = Release|Any CPU
		{55CCAC53-343C-44F5-B29C-03A4EE24E18A}.Release|Any CPU.Build.0 = Release|Any CPU
	EndGlobalSection
	GlobalSection(SolutionProperties) = preSolution
		HideSolutionNode = FALSE
	EndGlobalSection
	GlobalSection(ExtensibilityGlobals) = postSolution
		SolutionGuid = {02AE895D-01E1-40D8-9DA9-76FF2485B90D}
	EndGlobalSection
EndGlobal
